// !$*UTF8*$!
{
	archiveVersion = 1;
	classes = {
	};
	objectVersion = 46;
	objects = {

/* Begin PBXBuildFile section */
		D6CFFEA5198D22A800AA78E6 /* main.m in Sources */ = {isa = PBXBuildFile; fileRef = D6CFFEA4198D22A800AA78E6 /* main.m */; };
		D6CFFEA8198D22A800AA78E6 /* AppDelegate.m in Sources */ = {isa = PBXBuildFile; fileRef = D6CFFEA7198D22A800AA78E6 /* AppDelegate.m */; };
		D6CFFEAA198D22A800AA78E6 /* Images.xcassets in Resources */ = {isa = PBXBuildFile; fileRef = D6CFFEA9198D22A800AA78E6 /* Images.xcassets */; };
		D6CFFEB6198D22A800AA78E6 /* WGContainerTransitionsTests.m in Sources */ = {isa = PBXBuildFile; fileRef = D6CFFEB5198D22A800AA78E6 /* WGContainerTransitionsTests.m */; };
		D6CFFEC1198D240A00AA78E6 /* WGChildViewController.m in Sources */ = {isa = PBXBuildFile; fileRef = D6CFFEC0198D240A00AA78E6 /* WGChildViewController.m */; };
		D6CFFEC4198D2C9C00AA78E6 /* WGContainerViewController.m in Sources */ = {isa = PBXBuildFile; fileRef = D6CFFEC3198D2C9C00AA78E6 /* WGContainerViewController.m */; };
/* End PBXBuildFile section */

/* Begin PBXContainerItemProxy section */
		D6CFFEB0198D22A800AA78E6 /* PBXContainerItemProxy */ = {
			isa = PBXContainerItemProxy;
			containerPortal = D6CFFE97198D22A800AA78E6 /* Project object */;
			proxyType = 1;
			remoteGlobalIDString = D6CFFE9E198D22A800AA78E6;
			remoteInfo = WGContainerTransitions;
		};
/* End PBXContainerItemProxy section */

/* Begin PBXFileReference section */
		D6CFFE9F198D22A800AA78E6 /* WGContainerTransitions.app */ = {isa = PBXFileReference; explicitFileType = wrapper.application; includeInIndex = 0; path = WGContainerTransitions.app; sourceTree = BUILT_PRODUCTS_DIR; };
		D6CFFEA3198D22A800AA78E6 /* Info.plist */ = {isa = PBXFileReference; lastKnownFileType = text.plist.xml; path = Info.plist; sourceTree = "<group>"; };
		D6CFFEA4198D22A800AA78E6 /* main.m */ = {isa = PBXFileReference; lastKnownFileType = sourcecode.c.objc; path = main.m; sourceTree = "<group>"; };
		D6CFFEA6198D22A800AA78E6 /* AppDelegate.h */ = {isa = PBXFileReference; lastKnownFileType = sourcecode.c.h; path = AppDelegate.h; sourceTree = "<group>"; };
		D6CFFEA7198D22A800AA78E6 /* AppDelegate.m */ = {isa = PBXFileReference; lastKnownFileType = sourcecode.c.objc; path = AppDelegate.m; sourceTree = "<group>"; };
		D6CFFEA9198D22A800AA78E6 /* Images.xcassets */ = {isa = PBXFileReference; lastKnownFileType = folder.assetcatalog; path = Images.xcassets; sourceTree = "<group>"; };
		D6CFFEAF198D22A800AA78E6 /* WGContainerTransitionsTests.xctest */ = {isa = PBXFileReference; explicitFileType = wrapper.cfbundle; includeInIndex = 0; path = WGContainerTransitionsTests.xctest; sourceTree = BUILT_PRODUCTS_DIR; };
		D6CFFEB4198D22A800AA78E6 /* Info.plist */ = {isa = PBXFileReference; lastKnownFileType = text.plist.xml; path = Info.plist; sourceTree = "<group>"; };
		D6CFFEB5198D22A800AA78E6 /* WGContainerTransitionsTests.m */ = {isa = PBXFileReference; lastKnownFileType = sourcecode.c.objc; path = WGContainerTransitionsTests.m; sourceTree = "<group>"; };
		D6CFFEBF198D240A00AA78E6 /* WGChildViewController.h */ = {isa = PBXFileReference; fileEncoding = 4; lastKnownFileType = sourcecode.c.h; path = WGChildViewController.h; sourceTree = "<group>"; };
		D6CFFEC0198D240A00AA78E6 /* WGChildViewController.m */ = {isa = PBXFileReference; fileEncoding = 4; lastKnownFileType = sourcecode.c.objc; path = WGChildViewController.m; sourceTree = "<group>"; };
		D6CFFEC2198D2C9C00AA78E6 /* WGContainerViewController.h */ = {isa = PBXFileReference; fileEncoding = 4; lastKnownFileType = sourcecode.c.h; path = WGContainerViewController.h; sourceTree = "<group>"; };
		D6CFFEC3198D2C9C00AA78E6 /* WGContainerViewController.m */ = {isa = PBXFileReference; fileEncoding = 4; lastKnownFileType = sourcecode.c.objc; path = WGContainerViewController.m; sourceTree = "<group>"; };
/* End PBXFileReference section */

/* Begin PBXFrameworksBuildPhase section */
		D6CFFE9C198D22A800AA78E6 /* Frameworks */ = {
			isa = PBXFrameworksBuildPhase;
			buildActionMask = 2147483647;
			files = (
			);
			runOnlyForDeploymentPostprocessing = 0;
		};
		D6CFFEAC198D22A800AA78E6 /* Frameworks */ = {
			isa = PBXFrameworksBuildPhase;
			buildActionMask = 2147483647;
			files = (
			);
			runOnlyForDeploymentPostprocessing = 0;
		};
/* End PBXFrameworksBuildPhase section */

/* Begin PBXGroup section */
		D6CFFE96198D22A800AA78E6 = {
			isa = PBXGroup;
			children = (
				D6CFFEA1198D22A800AA78E6 /* WGContainerTransitions */,
				D6CFFEB2198D22A800AA78E6 /* WGContainerTransitionsTests */,
				D6CFFEA0198D22A800AA78E6 /* Products */,
			);
			sourceTree = "<group>";
		};
		D6CFFEA0198D22A800AA78E6 /* Products */ = {
			isa = PBXGroup;
			children = (
				D6CFFE9F198D22A800AA78E6 /* WGContainerTransitions.app */,
				D6CFFEAF198D22A800AA78E6 /* WGContainerTransitionsTests.xctest */,
			);
			name = Products;
			sourceTree = "<group>";
		};
		D6CFFEA1198D22A800AA78E6 /* WGContainerTransitions */ = {
			isa = PBXGroup;
			children = (
				D6CFFEA6198D22A800AA78E6 /* AppDelegate.h */,
				D6CFFEA7198D22A800AA78E6 /* AppDelegate.m */,
				D6CFFEA9198D22A800AA78E6 /* Images.xcassets */,
				D6CFFEA2198D22A800AA78E6 /* Supporting Files */,
				D6CFFEBF198D240A00AA78E6 /* WGChildViewController.h */,
				D6CFFEC0198D240A00AA78E6 /* WGChildViewController.m */,
				D6CFFEC2198D2C9C00AA78E6 /* WGContainerViewController.h */,
				D6CFFEC3198D2C9C00AA78E6 /* WGContainerViewController.m */,
			);
			path = WGContainerTransitions;
			sourceTree = "<group>";
		};
		D6CFFEA2198D22A800AA78E6 /* Supporting Files */ = {
			isa = PBXGroup;
			children = (
				D6CFFEA3198D22A800AA78E6 /* Info.plist */,
				D6CFFEA4198D22A800AA78E6 /* main.m */,
			);
			name = "Supporting Files";
			sourceTree = "<group>";
		};
		D6CFFEB2198D22A800AA78E6 /* WGContainerTransitionsTests */ = {
			isa = PBXGroup;
			children = (
				D6CFFEB5198D22A800AA78E6 /* WGContainerTransitionsTests.m */,
				D6CFFEB3198D22A800AA78E6 /* Supporting Files */,
			);
			path = WGContainerTransitionsTests;
			sourceTree = "<group>";
		};
		D6CFFEB3198D22A800AA78E6 /* Supporting Files */ = {
			isa = PBXGroup;
			children = (
				D6CFFEB4198D22A800AA78E6 /* Info.plist */,
			);
			name = "Supporting Files";
			sourceTree = "<group>";
		};
/* End PBXGroup section */

/* Begin PBXNativeTarget section */
		D6CFFE9E198D22A800AA78E6 /* WGContainerTransitions */ = {
			isa = PBXNativeTarget;
			buildConfigurationList = D6CFFEB9198D22A800AA78E6 /* Build configuration list for PBXNativeTarget "WGContainerTransitions" */;
			buildPhases = (
				D6CFFE9B198D22A800AA78E6 /* Sources */,
				D6CFFE9C198D22A800AA78E6 /* Frameworks */,
				D6CFFE9D198D22A800AA78E6 /* Resources */,
			);
			buildRules = (
			);
			dependencies = (
			);
			name = WGContainerTransitions;
			productName = WGContainerTransitions;
			productReference = D6CFFE9F198D22A800AA78E6 /* WGContainerTransitions.app */;
			productType = "com.apple.product-type.application";
		};
		D6CFFEAE198D22A800AA78E6 /* WGContainerTransitionsTests */ = {
			isa = PBXNativeTarget;
			buildConfigurationList = D6CFFEBC198D22A800AA78E6 /* Build configuration list for PBXNativeTarget "WGContainerTransitionsTests" */;
			buildPhases = (
				D6CFFEAB198D22A800AA78E6 /* Sources */,
				D6CFFEAC198D22A800AA78E6 /* Frameworks */,
				D6CFFEAD198D22A800AA78E6 /* Resources */,
			);
			buildRules = (
			);
			dependencies = (
				D6CFFEB1198D22A800AA78E6 /* PBXTargetDependency */,
			);
			name = WGContainerTransitionsTests;
			productName = WGContainerTransitionsTests;
			productReference = D6CFFEAF198D22A800AA78E6 /* WGContainerTransitionsTests.xctest */;
			productType = "com.apple.product-type.bundle.unit-test";
		};
/* End PBXNativeTarget section */

/* Begin PBXProject section */
		D6CFFE97198D22A800AA78E6 /* Project object */ = {
			isa = PBXProject;
			attributes = {
				LastUpgradeCheck = 0600;
				ORGANIZATIONNAME = wwwlife;
				TargetAttributes = {
					D6CFFE9E198D22A800AA78E6 = {
						CreatedOnToolsVersion = 6.0;
					};
					D6CFFEAE198D22A800AA78E6 = {
						CreatedOnToolsVersion = 6.0;
						TestTargetID = D6CFFE9E198D22A800AA78E6;
					};
				};
			};
			buildConfigurationList = D6CFFE9A198D22A800AA78E6 /* Build configuration list for PBXProject "WGContainerTransitions" */;
			compatibilityVersion = "Xcode 3.2";
			developmentRegion = English;
			hasScannedForEncodings = 0;
			knownRegions = (
				en,
			);
			mainGroup = D6CFFE96198D22A800AA78E6;
			productRefGroup = D6CFFEA0198D22A800AA78E6 /* Products */;
			projectDirPath = "";
			projectRoot = "";
			targets = (
				D6CFFE9E198D22A800AA78E6 /* WGContainerTransitions */,
				D6CFFEAE198D22A800AA78E6 /* WGContainerTransitionsTests */,
			);
		};
/* End PBXProject section */

/* Begin PBXResourcesBuildPhase section */
		D6CFFE9D198D22A800AA78E6 /* Resources */ = {
			isa = PBXResourcesBuildPhase;
			buildActionMask = 2147483647;
			files = (
				D6CFFEAA198D22A800AA78E6 /* Images.xcassets in Resources */,
			);
			runOnlyForDeploymentPostprocessing = 0;
		};
		D6CFFEAD198D22A800AA78E6 /* Resources */ = {
			isa = PBXResourcesBuildPhase;
			buildActionMask = 2147483647;
			files = (
			);
			runOnlyForDeploymentPostprocessing = 0;
		};
/* End PBXResourcesBuildPhase section */

/* Begin PBXSourcesBuildPhase section */
		D6CFFE9B198D22A800AA78E6 /* Sources */ = {
			isa = PBXSourcesBuildPhase;
			buildActionMask = 2147483647;
			files = (
				D6CFFEC1198D240A00AA78E6 /* WGChildViewController.m in Sources */,
				D6CFFEA8198D22A800AA78E6 /* AppDelegate.m in Sources */,
				D6CFFEC4198D2C9C00AA78E6 /* WGContainerViewController.m in Sources */,
				D6CFFEA5198D22A800AA78E6 /* main.m in Sources */,
			);
			runOnlyForDeploymentPostprocessing = 0;
		};
		D6CFFEAB198D22A800AA78E6 /* Sources */ = {
			isa = PBXSourcesBuildPhase;
			buildActionMask = 2147483647;
			files = (
				D6CFFEB6198D22A800AA78E6 /* WGContainerTransitionsTests.m in Sources */,
			);
			runOnlyForDeploymentPostprocessing = 0;
		};
/* End PBXSourcesBuildPhase section */

/* Begin PBXTargetDependency section */
		D6CFFEB1198D22A800AA78E6 /* PBXTargetDependency */ = {
			isa = PBXTargetDependency;
			target = D6CFFE9E198D22A800AA78E6 /* WGContainerTransitions */;
			targetProxy = D6CFFEB0198D22A800AA78E6 /* PBXContainerItemProxy */;
		};
/* End PBXTargetDependency section */

/* Begin XCBuildConfiguration section */
		D6CFFEB7198D22A800AA78E6 /* Debug */ = {
			isa = XCBuildConfiguration;
			buildSettings = {
				ALWAYS_SEARCH_USER_PATHS = NO;
				CLANG_CXX_LANGUAGE_STANDARD = "gnu++0x";
				CLANG_CXX_LIBRARY = "libc++";
				CLANG_ENABLE_MODULES = YES;
				CLANG_ENABLE_OBJC_ARC = YES;
				CLANG_WARN_BOOL_CONVERSION = YES;
				CLANG_WARN_CONSTANT_CONVERSION = YES;
				CLANG_WARN_DIRECT_OBJC_ISA_USAGE = YES_ERROR;
				CLANG_WARN_EMPTY_BODY = YES;
				CLANG_WARN_ENUM_CONVERSION = YES;
				CLANG_WARN_INT_CONVERSION = YES;
				CLANG_WARN_OBJC_ROOT_CLASS = YES_ERROR;
				CLANG_WARN_UNREACHABLE_CODE = YES;
				CLANG_WARN__DUPLICATE_METHOD_MATCH = YES;
				"CODE_SIGN_IDENTITY[sdk=iphoneos*]" = "iPhone Developer";
				COPY_PHASE_STRIP = NO;
				ENABLE_STRICT_OBJC_MSGSEND = YES;
				GCC_C_LANGUAGE_STANDARD = gnu99;
				GCC_DYNAMIC_NO_PIC = NO;
				GCC_OPTIMIZATION_LEVEL = 0;
				GCC_PREPROCESSOR_DEFINITIONS = (
					"DEBUG=1",
					"$(inherited)",
				);
				GCC_SYMBOLS_PRIVATE_EXTERN = NO;
				GCC_WARN_64_TO_32_BIT_CONVERSION = YES;
				GCC_WARN_ABOUT_RETURN_TYPE = YES_ERROR;
				GCC_WARN_UNDECLARED_SELECTOR = YES;
				GCC_WARN_UNINITIALIZED_AUTOS = YES_AGGRESSIVE;
				GCC_WARN_UNUSED_FUNCTION = YES;
				GCC_WARN_UNUSED_VARIABLE = YES;
				IPHONEOS_DEPLOYMENT_TARGET = 8.0;
				METAL_ENABLE_DEBUG_INFO = YES;
				ONLY_ACTIVE_ARCH = YES;
				SDKROOT = iphoneos;
				TARGETED_DEVICE_FAMILY = "1,2";
			};
			name = Debug;
		};
		D6CFFEB8198D22A800AA78E6 /* Release */ = {
			isa = XCBuildConfiguration;
			buildSettings = {
				ALWAYS_SEARCH_USER_PATHS = NO;
				CLANG_CXX_LANGUAGE_STANDARD = "gnu++0x";
				CLANG_CXX_LIBRARY = "libc++";
				CLANG_ENABLE_MODULES = YES;
				CLANG_ENABLE_OBJC_ARC = YES;
				CLANG_WARN_BOOL_CONVERSION = YES;
				CLANG_WARN_CONSTANT_CONVERSION = YES;
				CLANG_WARN_DIRECT_OBJC_ISA_USAGE = YES_ERROR;
				CLANG_WARN_EMPTY_BODY = YES;
				CLANG_WARN_ENUM_CONVERSION = YES;
				CLANG_WARN_INT_CONVERSION = YES;
				CLANG_WARN_OBJC_ROOT_CLASS = YES_ERROR;
				CLANG_WARN_UNREACHABLE_CODE = YES;
				CLANG_WARN__DUPLICATE_METHOD_MATCH = YES;
				"CODE_SIGN_IDENTITY[sdk=iphoneos*]" = "iPhone Developer";
				COPY_PHASE_STRIP = YES;
				ENABLE_NS_ASSERTIONS = NO;
				ENABLE_STRICT_OBJC_MSGSEND = YES;
				GCC_C_LANGUAGE_STANDARD = gnu99;
				GCC_WARN_64_TO_32_BIT_CONVERSION = YES;
				GCC_WARN_ABOUT_RETURN_TYPE = YES_ERROR;
				GCC_WARN_UNDECLARED_SELECTOR = YES;
				GCC_WARN_UNINITIALIZED_AUTOS = YES_AGGRESSIVE;
				GCC_WARN_UNUSED_FUNCTION = YES;
				GCC_WARN_UNUSED_VARIABLE = YES;
				IPHONEOS_DEPLOYMENT_TARGET = 8.0;
				METAL_ENABLE_DEBUG_INFO = NO;
				SDKROOT = iphoneos;
				TARGETED_DEVICE_FAMILY = "1,2";
				VALIDATE_PRODUCT = YES;
			};
			name = Release;
		};
		D6CFFEBA198D22A800AA78E6 /* Debug */ = {
			isa = XCBuildConfiguration;
			buildSettings = {
				ASSETCATALOG_COMPILER_APPICON_NAME = AppIcon;
				ASSETCATALOG_COMPILER_LAUNCHIMAGE_NAME = LaunchImage;
				INFOPLIST_FILE = WGContainerTransitions/Info.plist;
				LD_RUNPATH_SEARCH_PATHS = "$(inherited) @executable_path/Frameworks";
				PRODUCT_NAME = "$(TARGET_NAME)";
			};
			name = Debug;
		};
		D6CFFEBB198D22A800AA78E6 /* Release */ = {
			isa = XCBuildConfiguration;
			buildSettings = {
				ASSETCATALOG_COMPILER_APPICON_NAME = AppIcon;
				ASSETCATALOG_COMPILER_LAUNCHIMAGE_NAME = LaunchImage;
				INFOPLIST_FILE = WGContainerTransitions/Info.plist;
				LD_RUNPATH_SEARCH_PATHS = "$(inherited) @executable_path/Frameworks";
				PRODUCT_NAME = "$(TARGET_NAME)";
			};
			name = Release;
		};
		D6CFFEBD198D22A800AA78E6 /* Debug */ = {
			isa = XCBuildConfiguration;
			buildSettings = {
				BUNDLE_LOADER = "$(BUILT_PRODUCTS_DIR)/WGContainerTransitions.app/WGContainerTransitions";
				FRAMEWORK_SEARCH_PATHS = (
					"$(SDKROOT)/Developer/Library/Frameworks",
					"$(inherited)",
				);
				GCC_PREPROCESSOR_DEFINITIONS = (
					"DEBUG=1",
					"$(inherited)",
				);
				INFOPLIST_FILE = WGContainerTransitionsTests/Info.plist;
				LD_RUNPATH_SEARCH_PATHS = "$(inherited) @executable_path/Frameworks @loader_path/Frameworks";
				METAL_ENABLE_DEBUG_INFO = YES;
				PRODUCT_NAME = "$(TARGET_NAME)";
				TEST_HOST = "$(BUNDLE_LOADER)";
			};
			name = Debug;
		};
		D6CFFEBE198D22A800AA78E6 /* Release */ = {
			isa = XCBuildConfiguration;
			buildSettings = {
				BUNDLE_LOADER = "$(BUILT_PRODUCTS_DIR)/WGContainerTransitions.app/WGContainerTransitions";
				FRAMEWORK_SEARCH_PATHS = (
					"$(SDKROOT)/Developer/Library/Frameworks",
					"$(inherited)",
				);
				INFOPLIST_FILE = WGContainerTransitionsTests/Info.plist;
				LD_RUNPATH_SEARCH_PATHS = "$(inherited) @executable_path/Frameworks @loader_path/Frameworks";
				METAL_ENABLE_DEBUG_INFO = NO;
				PRODUCT_NAME = "$(TARGET_NAME)";
				TEST_HOST = "$(BUNDLE_LOADER)";
			};
			name = Release;
		};
/* End XCBuildConfiguration section */

/* Begin XCConfigurationList section */
		D6CFFE9A198D22A800AA78E6 /* Build configuration list for PBXProject "WGContainerTransitions" */ = {
			isa = XCConfigurationList;
			buildConfigurations = (
				D6CFFEB7198D22A800AA78E6 /* Debug */,
				D6CFFEB8198D22A800AA78E6 /* Release */,
			);
			defaultConfigurationIsVisible = 0;
			defaultConfigurationName = Release;
		};
		D6CFFEB9198D22A800AA78E6 /* Build configuration list for PBXNativeTarget "WGContainerTransitions" */ = {
			isa = XCConfigurationList;
			buildConfigurations = (
				D6CFFEBA198D22A800AA78E6 /* Debug */,
				D6CFFEBB198D22A800AA78E6 /* Release */,
			);
			defaultConfigurationIsVisible = 0;
		};
		D6CFFEBC198D22A800AA78E6 /* Build configuration list for PBXNativeTarget "WGContainerTransitionsTests" */ = {
			isa = XCConfigurationList;
			buildConfigurations = (
				D6CFFEBD198D22A800AA78E6 /* Debug */,
				D6CFFEBE198D22A800AA78E6 /* Release */,
			);
			defaultConfigurationIsVisible = 0;
		};
/* End XCConfigurationList section */
	};
	rootObject = D6CFFE97198D22A800AA78E6 /* Project object */;
}
